{
  "name": "nn6",
  "version": "2.0.0",
  "lockfileVersion": 1,
  "requires": true,
  "dependencies": {
    "algebrite": {
      "version": "0.2.23",
      "resolved": "https://registry.npmjs.org/algebrite/-/algebrite-0.2.23.tgz",
      "integrity": "sha1-4EkNfG6n3bDcRvyY0QJkFd/i2FM=",
      "requires": {
        "big-integer": "1.6.27"
      }
    },
    "big-integer": {
      "version": "1.6.27",
      "resolved": "https://registry.npmjs.org/big-integer/-/big-integer-1.6.27.tgz",
      "integrity": "sha512-NzUKMYW4SWme+H5K+mfEmBxEF/V04PhlzoxxXwSnDig78y2t7HLBVotfDBMUhRPRA3WWID3GmJB/OJSWPhVXtg=="
    },
    "j6": {
      "version": "1.0.2",
      "resolved": "https://registry.npmjs.org/j6/-/j6-1.0.2.tgz",
      "integrity": "sha1-SAiKyxxm9hC68uULQCjQky817Yk=",
      "requires": {
        "algebrite": "0.2.23",
        "jStat": "1.7.1",
        "lodash": "4.17.5",
        "numeric": "1.2.6"
      }
    },
    "jStat": {
      "version": "1.7.1",
      "resolved": "https://registry.npmjs.org/jStat/-/jStat-1.7.1.tgz",
      "integrity": "sha512-toueem/U5hyHM6pqe6OZOL/5P8MrY7Ss1K8Brg+TcfX+RAjDU/sbwy72fwzmLPQ5ykdBe1UEoWQHc7OSNWMUDQ=="
    },
    "lodash": {
      "version": "4.17.5",
      "resolved": "https://registry.npmjs.org/lodash/-/lodash-4.17.5.tgz",
      "integrity": "sha512-svL3uiZf1RwhH+cWrfZn3A4+U58wbP0tGVTLQPbjplZxZ8ROD9VLuNgsRniTlLe7OlSqR79RUehXgpBW/s0IQw=="
    },
    "numeric": {
      "version": "1.2.6",
      "resolved": "https://registry.npmjs.org/numeric/-/numeric-1.2.6.tgz",
      "integrity": "sha1-dlsCvvl5iPz4gNTrPza4D6MTNao="
    }
  }
}
